
Microsoft Visual Studio Solution File, Format Version 12.00
# Visual Studio 15
VisualStudioVersion = 15.0.28010.2016
MinimumVisualStudioVersion = 10.0.40219.1
Project("{9A19103F-16F7-4668-BE54-9A1E7A4F7556}") = "HelloToQueue", "HelloToQueue\HelloToQueue.csproj", "{7A138679-9473-47FD-9AB6-CFF08A97CF05}"
EndProject
Project("{9A19103F-16F7-4668-BE54-9A1E7A4F7556}") = "Models", "..\Models\Models.csproj", "{69968EBD-C6A6-44F2-861F-9D12F1630371}"
EndProject
Project("{FAE04EC0-301F-11D3-BF4B-00C04F79EFBC}") = "HelloWorldConsumer", "HelloWorldConsumer\HelloWorldConsumer.csproj", "{D564FC5E-6050-4B68-BF3B-3C7548CFB556}"
EndProject
Global
	GlobalSection(SolutionConfigurationPlatforms) = preSolution
		Debug|Any CPU = Debug|Any CPU
		Release|Any CPU = Release|Any CPU
	EndGlobalSection
	GlobalSection(ProjectConfigurationPlatforms) = postSolution
		{7A138679-9473-47FD-9AB6-CFF08A97CF05}.Debug|Any CPU.ActiveCfg = Debug|Any CPU
		{7A138679-9473-47FD-9AB6-CFF08A97CF05}.Debug|Any CPU.Build.0 = Debug|Any CPU
		{7A138679-9473-47FD-9AB6-CFF08A97CF05}.Release|Any CPU.ActiveCfg = Release|Any CPU
		{7A138679-9473-47FD-9AB6-CFF08A97CF05}.Release|Any CPU.Build.0 = Release|Any CPU
		{69968EBD-C6A6-44F2-861F-9D12F1630371}.Debug|Any CPU.ActiveCfg = Debug|Any CPU
		{69968EBD-C6A6-44F2-861F-9D12F1630371}.Debug|Any CPU.Build.0 = Debug|Any CPU
		{69968EBD-C6A6-44F2-861F-9D12F1630371}.Release|Any CPU.ActiveCfg = Release|Any CPU
		{69968EBD-C6A6-44F2-861F-9D12F1630371}.Release|Any CPU.Build.0 = Release|Any CPU
		{D564FC5E-6050-4B68-BF3B-3C7548CFB556}.Debug|Any CPU.ActiveCfg = Debug|Any CPU
		{D564FC5E-6050-4B68-BF3B-3C7548CFB556}.Debug|Any CPU.Build.0 = Debug|Any CPU
		{D564FC5E-6050-4B68-BF3B-3C7548CFB556}.Release|Any CPU.ActiveCfg = Release|Any CPU
		{D564FC5E-6050-4B68-BF3B-3C7548CFB556}.Release|Any CPU.Build.0 = Release|Any CPU
	EndGlobalSection
	GlobalSection(SolutionProperties) = preSolution
		HideSolutionNode = FALSE
	EndGlobalSection
	GlobalSection(ExtensibilityGlobals) = postSolution
		SolutionGuid = {9795506D-FF28-4992-97E2-AFFD99EFB697}
	EndGlobalSection
EndGlobal
